
Microsoft Visual Studio Solution File, Format Version 12.00
# Visual Studio Version 17
VisualStudioVersion = 17.8.34309.116
MinimumVisualStudioVersion = 10.0.40219.1
Project("{FAE04EC0-301F-11D3-BF4B-00C04F79EFBC}") = "EXAM_W", "EXAM_W\EXAM_W.csproj", "{755CF535-54E5-4B8E-A336-8CFD379865F5}"
EndProject
Global
	GlobalSection(SolutionConfigurationPlatforms) = preSolution
		Debug|Any CPU = Debug|Any CPU
		Release|Any CPU = Release|Any CPU
	EndGlobalSection
	GlobalSection(ProjectConfigurationPlatforms) = postSolution
		{755CF535-54E5-4B8E-A336-8CFD379865F5}.Debug|Any CPU.ActiveCfg = Debug|Any CPU
		{755CF535-54E5-4B8E-A336-8CFD379865F5}.Debug|Any CPU.Build.0 = Debug|Any CPU
		{755CF535-54E5-4B8E-A336-8CFD379865F5}.Release|Any CPU.ActiveCfg = Release|Any CPU
		{755CF535-54E5-4B8E-A336-8CFD379865F5}.Release|Any CPU.Build.0 = Release|Any CPU
	EndGlobalSection
	GlobalSection(SolutionProperties) = preSolution
		HideSolutionNode = FALSE
	EndGlobalSection
	GlobalSection(ExtensibilityGlobals) = postSolution
		SolutionGuid = {E659263F-D5C9-4360-813E-110020FEDA5E}
	EndGlobalSection
EndGlobal
